<?xml version="1.0" encoding="utf-8"?>
<Project ToolsVersion="4.0" xmlns="http://schemas.microsoft.com/developer/msbuild/2003">
  <ItemGroup>
    <Filter Include="Исходные файлы">
      <UniqueIdentifier>{4FC737F1-C7A5-4376-A066-2A32D752A2FF}</UniqueIdentifier>
      <Extensions>cpp;c;cc;cxx;c++;cppm;ixx;def;odl;idl;hpj;bat;asm;asmx</Extensions>
    </Filter>
    <Filter Include="Файлы заголовков">
      <UniqueIdentifier>{93995380-89BD-4b04-88EB-625FBE52EBFB}</UniqueIdentifier>
      <Extensions>h;hh;hpp;hxx;h++;hm;inl;inc;ipp;xsd</Extensions>
    </Filter>
    <Filter Include="Файлы ресурсов">
      <UniqueIdentifier>{67DA6AB6-F800-4c08-8B7A-83BB121AAD01}</UniqueIdentifier>
      <Extensions>rc;ico;cur;bmp;dlg;rc2;rct;bin;rgs;gif;jpg;jpeg;jpe;resx;tiff;tif;png;wav;mfcribbon-ms</Extensions>
    </Filter>
    <Filter Include="Файлы заголовков\Assembly">
      <UniqueIdentifier>{5ef78746-dd33-4e7f-920e-281707472aa7}</UniqueIdentifier>
    </Filter>
    <Filter Include="Исходные файлы\Assembly">
      <UniqueIdentifier>{a5e3a637-a2a8-43f8-8e6c-482e04164a77}</UniqueIdentifier>
    </Filter>
    <Filter Include="Файлы заголовков\Light">
      <UniqueIdentifier>{0a6ab147-0a74-4047-9de0-601ef489d202}</UniqueIdentifier>
    </Filter>
    <Filter Include="Исходные файлы\Light">
      <UniqueIdentifier>{c8a419f2-baf0-4769-8e79-cda8179097ba}</UniqueIdentifier>
    </Filter>
    <Filter Include="Файлы заголовков\Model">
      <UniqueIdentifier>{efa1029a-29a8-4a92-9306-199799acd719}</UniqueIdentifier>
    </Filter>
    <Filter Include="Исходные файлы\Model">
      <UniqueIdentifier>{4cb53a09-3fa1-4baa-9a6e-149857e43917}</UniqueIdentifier>
    </Filter>
  </ItemGroup>
  <ItemGroup>
    <ClInclude Include="vertex.h">
      <Filter>Файлы заголовков</Filter>
    </ClInclude>
    <ClInclude Include="include\Assembly\Configurator.hpp">
      <Filter>Файлы заголовков\Assembly</Filter>
    </ClInclude>
    <ClInclude Include="include\Assembly\Core.hpp">
      <Filter>Файлы заголовков\Assembly</Filter>
    </ClInclude>
    <ClInclude Include="include\Assembly\Loader.hpp">
      <Filter>Файлы заголовков\Assembly</Filter>
    </ClInclude>
    <ClInclude Include="include\Assembly\Operator.hpp">
      <Filter>Файлы заголовков\Assembly</Filter>
    </ClInclude>
    <ClInclude Include="include\Assembly\Viewer.hpp">
      <Filter>Файлы заголовков\Assembly</Filter>
    </ClInclude>
    <ClInclude Include="include\Lamp.hpp">
      <Filter>Файлы заголовков\Light</Filter>
    </ClInclude>
    <ClInclude Include="include\Model\BaseModel.hpp">
      <Filter>Файлы заголовков\Model</Filter>
    </ClInclude>
    <ClInclude Include="include\Model\OBJ.hpp">
      <Filter>Файлы заголовков\Model</Filter>
    </ClInclude>
    <ClInclude Include="include\Model\STL.hpp">
      <Filter>Файлы заголовков\Model</Filter>
    </ClInclude>
    <ClInclude Include="include\MainFrame.hpp">
      <Filter>Файлы заголовков</Filter>
    </ClInclude>
  </ItemGroup>
  <ItemGroup>
    <ClCompile Include="source\Model\BaseModel.cpp">
      <Filter>Исходные файлы\Model</Filter>
    </ClCompile>
    <ClCompile Include="source\Model\OBJ.cpp">
      <Filter>Исходные файлы\Model</Filter>
    </ClCompile>
    <ClCompile Include="source\Model\STL.cpp">
      <Filter>Исходные файлы\Model</Filter>
    </ClCompile>
    <ClCompile Include="source\Lamp.cpp">
      <Filter>Исходные файлы\Light</Filter>
    </ClCompile>
    <ClCompile Include="source\Assembly\Configurator.cpp">
      <Filter>Исходные файлы\Assembly</Filter>
    </ClCompile>
    <ClCompile Include="source\Assembly\Core.cpp">
      <Filter>Исходные файлы\Assembly</Filter>
    </ClCompile>
    <ClCompile Include="source\Assembly\Loader.cpp">
      <Filter>Исходные файлы\Assembly</Filter>
    </ClCompile>
    <ClCompile Include="source\Assembly\Operator.cpp">
      <Filter>Исходные файлы\Assembly</Filter>
    </ClCompile>
    <ClCompile Include="source\Assembly\Viewer.cpp">
      <Filter>Исходные файлы\Assembly</Filter>
    </ClCompile>
    <ClCompile Include="source\MainFrame.cpp">
      <Filter>Исходные файлы</Filter>
    </ClCompile>
  </ItemGroup>
  <ItemGroup>
    <Image Include="small.ico">
      <Filter>Файлы ресурсов</Filter>
    </Image>
    <Image Include="WXGL.ico">
      <Filter>Файлы ресурсов</Filter>
    </Image>
  </ItemGroup>
</Project>