<?xml version="1.0" encoding="utf-8"?>
<Project ToolsVersion="4.0" xmlns="http://schemas.microsoft.com/developer/msbuild/2003">
  <ItemGroup>
    <Filter Include="Исходные файлы">
      <UniqueIdentifier>{4FC737F1-C7A5-4376-A066-2A32D752A2FF}</UniqueIdentifier>
      <Extensions>cpp;c;cc;cxx;c++;cppm;ixx;def;odl;idl;hpj;bat;asm;asmx</Extensions>
    </Filter>
    <Filter Include="Файлы заголовков">
      <UniqueIdentifier>{93995380-89BD-4b04-88EB-625FBE52EBFB}</UniqueIdentifier>
      <Extensions>h;hh;hpp;hxx;h++;hm;inl;inc;ipp;xsd</Extensions>
    </Filter>
    <Filter Include="Файлы ресурсов">
      <UniqueIdentifier>{67DA6AB6-F800-4c08-8B7A-83BB121AAD01}</UniqueIdentifier>
      <Extensions>rc;ico;cur;bmp;dlg;rc2;rct;bin;rgs;gif;jpg;jpeg;jpe;resx;tiff;tif;png;wav;mfcribbon-ms</Extensions>
    </Filter>
    <Filter Include="Файлы заголовков\Assembly">
      <UniqueIdentifier>{5ef78746-dd33-4e7f-920e-281707472aa7}</UniqueIdentifier>
    </Filter>
    <Filter Include="Исходные файлы\Assembly">
      <UniqueIdentifier>{a5e3a637-a2a8-43f8-8e6c-482e04164a77}</UniqueIdentifier>
    </Filter>
    <Filter Include="Файлы заголовков\Light">
      <UniqueIdentifier>{0a6ab147-0a74-4047-9de0-601ef489d202}</UniqueIdentifier>
    </Filter>
    <Filter Include="Исходные файлы\Light">
      <UniqueIdentifier>{c8a419f2-baf0-4769-8e79-cda8179097ba}</UniqueIdentifier>
    </Filter>
    <Filter Include="Файлы заголовков\Model">
      <UniqueIdentifier>{efa1029a-29a8-4a92-9306-199799acd719}</UniqueIdentifier>
    </Filter>
    <Filter Include="Исходные файлы\Model">
      <UniqueIdentifier>{4cb53a09-3fa1-4baa-9a6e-149857e43917}</UniqueIdentifier>
    </Filter>
    <Filter Include="Файлы заголовков\UserInput">
      <UniqueIdentifier>{b0daea37-e664-4a64-9464-44867969d23d}</UniqueIdentifier>
    </Filter>
    <Filter Include="Исходные файлы\UserInput">
      <UniqueIdentifier>{5aa0c48a-27f7-4f7f-82bc-975a9af55e36}</UniqueIdentifier>
    </Filter>
    <Filter Include="Исходные файлы\Common">
      <UniqueIdentifier>{5b1abcbf-8d3c-41a4-aa70-6ecd381a06a3}</UniqueIdentifier>
    </Filter>
    <Filter Include="Файлы заголовков\Common">
      <UniqueIdentifier>{30f562dd-a7c9-47a9-9a8a-dd61b66c4c18}</UniqueIdentifier>
    </Filter>
    <Filter Include="Исходные файлы\PhysicalDevice">
      <UniqueIdentifier>{50df0f09-c27f-48b6-bf0b-483ef880893f}</UniqueIdentifier>
    </Filter>
    <Filter Include="Файлы заголовков\PhysicalDevice">
      <UniqueIdentifier>{f7786a3f-0ec5-4a47-b2cf-60b441ae8269}</UniqueIdentifier>
    </Filter>
    <Filter Include="Исходные файлы\Network">
      <UniqueIdentifier>{b236510a-7672-4a10-90c2-34bfca60cfc1}</UniqueIdentifier>
    </Filter>
    <Filter Include="Исходные файлы\Network\SkyBlue">
      <UniqueIdentifier>{83c24bcc-2cf4-4cc1-a9ec-405c5ef3a920}</UniqueIdentifier>
    </Filter>
    <Filter Include="Файлы заголовков\Dialog">
      <UniqueIdentifier>{c2c1617b-1e8c-4a73-b825-d567c2026ec4}</UniqueIdentifier>
    </Filter>
    <Filter Include="Файлы заголовков\Network">
      <UniqueIdentifier>{bed9923d-a9a1-4405-82b7-9ee461b4b676}</UniqueIdentifier>
    </Filter>
    <Filter Include="Файлы заголовков\Network\SkyBlue">
      <UniqueIdentifier>{440444b2-4db0-423c-9c10-90207a3468c2}</UniqueIdentifier>
    </Filter>
    <Filter Include="Исходные файлы\Dialog">
      <UniqueIdentifier>{6bdf9366-618e-4e6d-b08e-7763089ad796}</UniqueIdentifier>
    </Filter>
  </ItemGroup>
  <ItemGroup>
    <ClInclude Include="include\Assembly\Configurator.hpp">
      <Filter>Файлы заголовков\Assembly</Filter>
    </ClInclude>
    <ClInclude Include="include\Assembly\Core.hpp">
      <Filter>Файлы заголовков\Assembly</Filter>
    </ClInclude>
    <ClInclude Include="include\Assembly\Loader.hpp">
      <Filter>Файлы заголовков\Assembly</Filter>
    </ClInclude>
    <ClInclude Include="include\Assembly\Viewer.hpp">
      <Filter>Файлы заголовков\Assembly</Filter>
    </ClInclude>
    <ClInclude Include="include\Lamp.hpp">
      <Filter>Файлы заголовков\Light</Filter>
    </ClInclude>
    <ClInclude Include="include\Model\BaseModel.hpp">
      <Filter>Файлы заголовков\Model</Filter>
    </ClInclude>
    <ClInclude Include="include\Model\OBJ.hpp">
      <Filter>Файлы заголовков\Model</Filter>
    </ClInclude>
    <ClInclude Include="include\Model\STL.hpp">
      <Filter>Файлы заголовков\Model</Filter>
    </ClInclude>
    <ClInclude Include="include\MainFrame.hpp">
      <Filter>Файлы заголовков</Filter>
    </ClInclude>
    <ClInclude Include="include\UserInput\Operator.hpp">
      <Filter>Файлы заголовков\UserInput</Filter>
    </ClInclude>
    <ClInclude Include="include\vertex.h">
      <Filter>Файлы заголовков</Filter>
    </ClInclude>
    <ClInclude Include="include\UserInput\KeyBindController.hpp">
      <Filter>Файлы заголовков\UserInput</Filter>
    </ClInclude>
    <ClInclude Include="include\PhysicalDevice\CameraWindow.hpp">
      <Filter>Исходные файлы\PhysicalDevice</Filter>
    </ClInclude>
    <ClInclude Include="include\Compression.hpp">
      <Filter>Файлы заголовков</Filter>
    </ClInclude>
    <ClInclude Include="include\PhysicalDevice\RGB565.hpp">
      <Filter>Исходные файлы\PhysicalDevice</Filter>
    </ClInclude>
    <ClInclude Include="include\Assembly\DependencyTree.hpp">
      <Filter>Файлы заголовков\Assembly</Filter>
    </ClInclude>
    <ClInclude Include="include\Dialog\Model.Property.hpp">
      <Filter>Файлы заголовков\Dialog</Filter>
    </ClInclude>
    <ClInclude Include="include\Dialog\Value.Change.hpp">
      <Filter>Файлы заголовков\Dialog</Filter>
    </ClInclude>
    <ClInclude Include="include\Dialog\API.Connect.hpp">
      <Filter>Файлы заголовков\Dialog</Filter>
    </ClInclude>
    <ClInclude Include="include\Common\MovablePanel.hpp">
      <Filter>Файлы заголовков\Common</Filter>
    </ClInclude>
    <ClInclude Include="include\Network\SkyBlue\Types.hpp">
      <Filter>Файлы заголовков\Network\SkyBlue</Filter>
    </ClInclude>
    <ClInclude Include="include\Network\SkyBlue\Client.API.hpp">
      <Filter>Файлы заголовков\Network\SkyBlue</Filter>
    </ClInclude>
    <ClInclude Include="include\Dialog\Lambda.Change.hpp">
      <Filter>Файлы заголовков\Dialog</Filter>
    </ClInclude>
    <ClInclude Include="include\Common\API.Server.Panel.hpp">
      <Filter>Файлы заголовков\Common</Filter>
    </ClInclude>
    <ClInclude Include="include\Common\PaddingSizer.hpp">
      <Filter>Файлы заголовков\Common</Filter>
    </ClInclude>
  </ItemGroup>
  <ItemGroup>
    <ClCompile Include="source\Model\BaseModel.cpp">
      <Filter>Исходные файлы\Model</Filter>
    </ClCompile>
    <ClCompile Include="source\Model\OBJ.cpp">
      <Filter>Исходные файлы\Model</Filter>
    </ClCompile>
    <ClCompile Include="source\Model\STL.cpp">
      <Filter>Исходные файлы\Model</Filter>
    </ClCompile>
    <ClCompile Include="source\Lamp.cpp">
      <Filter>Исходные файлы\Light</Filter>
    </ClCompile>
    <ClCompile Include="source\Assembly\Configurator.cpp">
      <Filter>Исходные файлы\Assembly</Filter>
    </ClCompile>
    <ClCompile Include="source\Assembly\Core.cpp">
      <Filter>Исходные файлы\Assembly</Filter>
    </ClCompile>
    <ClCompile Include="source\Assembly\Loader.cpp">
      <Filter>Исходные файлы\Assembly</Filter>
    </ClCompile>
    <ClCompile Include="source\Assembly\Viewer.cpp">
      <Filter>Исходные файлы\Assembly</Filter>
    </ClCompile>
    <ClCompile Include="source\MainFrame.cpp">
      <Filter>Исходные файлы</Filter>
    </ClCompile>
    <ClCompile Include="source\UserInput\Operator.cpp">
      <Filter>Исходные файлы\UserInput</Filter>
    </ClCompile>
    <ClCompile Include="source\UserInput\KeyBindController.cpp">
      <Filter>Исходные файлы\UserInput</Filter>
    </ClCompile>
    <ClCompile Include="source\PhysicalDevice\CameraWindow.cpp">
      <Filter>Файлы заголовков\PhysicalDevice</Filter>
    </ClCompile>
    <ClCompile Include="source\Assembly\DependencyTree.cpp">
      <Filter>Исходные файлы\Assembly</Filter>
    </ClCompile>
    <ClCompile Include="source\Network\SkyBlue\Collector.cpp">
      <Filter>Исходные файлы\Network\SkyBlue</Filter>
    </ClCompile>
    <ClCompile Include="source\DIalog\API.Connect.cpp">
      <Filter>Исходные файлы\Dialog</Filter>
    </ClCompile>
    <ClCompile Include="source\DIalog\Model.Property.cpp">
      <Filter>Исходные файлы\Dialog</Filter>
    </ClCompile>
    <ClCompile Include="source\DIalog\Value.Change.cpp">
      <Filter>Исходные файлы\Dialog</Filter>
    </ClCompile>
    <ClCompile Include="source\Network\SkyBlue\Device.cpp">
      <Filter>Исходные файлы\Network\SkyBlue</Filter>
    </ClCompile>
  </ItemGroup>
  <ItemGroup>
    <Image Include="small.ico">
      <Filter>Файлы ресурсов</Filter>
    </Image>
    <Image Include="WXGL.ico">
      <Filter>Файлы ресурсов</Filter>
    </Image>
  </ItemGroup>
</Project>